
Microsoft Visual Studio Solution File, Format Version 12.00
# Visual Studio Version 16
VisualStudioVersion = 16.0.31410.357
MinimumVisualStudioVersion = 10.0.40219.1
Project("{FAE04EC0-301F-11D3-BF4B-00C04F79EFBC}") = "NameSorting", "NameSorting\NameSorting.csproj", "{0064595C-3644-43EC-81E5-F6B437E7B87F}"
EndProject
Global
	GlobalSection(SolutionConfigurationPlatforms) = preSolution
		Debug|Any CPU = Debug|Any CPU
		Release|Any CPU = Release|Any CPU
	EndGlobalSection
	GlobalSection(ProjectConfigurationPlatforms) = postSolution
		{0064595C-3644-43EC-81E5-F6B437E7B87F}.Debug|Any CPU.ActiveCfg = Debug|Any CPU
		{0064595C-3644-43EC-81E5-F6B437E7B87F}.Debug|Any CPU.Build.0 = Debug|Any CPU
		{0064595C-3644-43EC-81E5-F6B437E7B87F}.Release|Any CPU.ActiveCfg = Release|Any CPU
		{0064595C-3644-43EC-81E5-F6B437E7B87F}.Release|Any CPU.Build.0 = Release|Any CPU
	EndGlobalSection
	GlobalSection(SolutionProperties) = preSolution
		HideSolutionNode = FALSE
	EndGlobalSection
	GlobalSection(ExtensibilityGlobals) = postSolution
		SolutionGuid = {D0490B9B-7D66-48F3-BF15-9F6FF3D93076}
	EndGlobalSection
EndGlobal
